// !$*UTF8*$!
{
	archiveVersion = 1;
	classes = {
	};
	objectVersion = 56;
	objects = {

/* Begin PBXBuildFile section */
		2BD6B0482E19E95000220C1B /* SpotSeekerApp.swift in Sources */ = {isa = PBXBuildFile; fileRef = 2BD6B0472E19E95000220C1B /* SpotSeekerApp.swift */; };
		2BD6B04A2E19E95000220C1B /* ContentView.swift in Sources */ = {isa = PBXBuildFile; fileRef = 2BD6B0492E19E95000220C1B /* ContentView.swift */; };
		2BD6B04C2E19E95100220C1B /* Assets.xcassets in Resources */ = {isa = PBXBuildFile; fileRef = 2BD6B04B2E19E95100220C1B /* Assets.xcassets */; };
		2BD6B04F2E19E95100220C1B /* Preview Assets.xcassets in Resources */ = {isa = PBXBuildFile; fileRef = 2BD6B04E2E19E95100220C1B /* Preview Assets.xcassets */; };
		2BD6B0722E19EC2C00220C1B /* CameraView.swift in Sources */ = {isa = PBXBuildFile; fileRef = 2BD6B0712E19EC2C00220C1B /* CameraView.swift */; };
		2BD6B0762E19ECEE00220C1B /* CameraViewController.swift in Sources */ = {isa = PBXBuildFile; fileRef = 2BD6B0752E19ECEE00220C1B /* CameraViewController.swift */; };
/* End PBXBuildFile section */

/* Begin PBXContainerItemProxy section */
		2BD6B0552E19E95100220C1B /* PBXContainerItemProxy */ = {
			isa = PBXContainerItemProxy;
			containerPortal = 2BD6B03C2E19E95000220C1B /* Project object */;
			proxyType = 1;
			remoteGlobalIDString = 2BD6B0432E19E95000220C1B;
			remoteInfo = SpotSeeker;
		};
		2BD6B05F2E19E95100220C1B /* PBXContainerItemProxy */ = {
			isa = PBXContainerItemProxy;
			containerPortal = 2BD6B03C2E19E95000220C1B /* Project object */;
			proxyType = 1;
			remoteGlobalIDString = 2BD6B0432E19E95000220C1B;
			remoteInfo = SpotSeeker;
		};
/* End PBXContainerItemProxy section */

/* Begin PBXFileReference section */
		2BD6B0442E19E95000220C1B /* SpotSeeker.app */ = {isa = PBXFileReference; explicitFileType = wrapper.application; includeInIndex = 0; path = SpotSeeker.app; sourceTree = BUILT_PRODUCTS_DIR; };
		2BD6B0472E19E95000220C1B /* SpotSeekerApp.swift */ = {isa = PBXFileReference; lastKnownFileType = sourcecode.swift; path = SpotSeekerApp.swift; sourceTree = "<group>"; };
		2BD6B0492E19E95000220C1B /* ContentView.swift */ = {isa = PBXFileReference; lastKnownFileType = sourcecode.swift; path = ContentView.swift; sourceTree = "<group>"; };
		2BD6B04B2E19E95100220C1B /* Assets.xcassets */ = {isa = PBXFileReference; lastKnownFileType = folder.assetcatalog; path = Assets.xcassets; sourceTree = "<group>"; };
		2BD6B04E2E19E95100220C1B /* Preview Assets.xcassets */ = {isa = PBXFileReference; lastKnownFileType = folder.assetcatalog; path = "Preview Assets.xcassets"; sourceTree = "<group>"; };
		2BD6B0542E19E95100220C1B /* SpotSeekerTests.xctest */ = {isa = PBXFileReference; explicitFileType = wrapper.cfbundle; includeInIndex = 0; path = SpotSeekerTests.xctest; sourceTree = BUILT_PRODUCTS_DIR; };
		2BD6B05E2E19E95100220C1B /* SpotSeekerUITests.xctest */ = {isa = PBXFileReference; explicitFileType = wrapper.cfbundle; includeInIndex = 0; path = SpotSeekerUITests.xctest; sourceTree = BUILT_PRODUCTS_DIR; };
		2BD6B0712E19EC2C00220C1B /* CameraView.swift */ = {isa = PBXFileReference; lastKnownFileType = sourcecode.swift; path = CameraView.swift; sourceTree = "<group>"; };
		2BD6B0732E19EC8000220C1B /* Info.plist */ = {isa = PBXFileReference; lastKnownFileType = text.plist.xml; path = Info.plist; sourceTree = "<group>"; };
		2BD6B0752E19ECEE00220C1B /* CameraViewController.swift */ = {isa = PBXFileReference; lastKnownFileType = sourcecode.swift; path = CameraViewController.swift; sourceTree = "<group>"; };
/* End PBXFileReference section */

/* Begin PBXFrameworksBuildPhase section */
		2BD6B0412E19E95000220C1B /* Frameworks */ = {
			isa = PBXFrameworksBuildPhase;
			buildActionMask = 2147483647;
			files = (
			);
			runOnlyForDeploymentPostprocessing = 0;
		};
		2BD6B0512E19E95100220C1B /* Frameworks */ = {
			isa = PBXFrameworksBuildPhase;
			buildActionMask = 2147483647;
			files = (
			);
			runOnlyForDeploymentPostprocessing = 0;
		};
		2BD6B05B2E19E95100220C1B /* Frameworks */ = {
			isa = PBXFrameworksBuildPhase;
			buildActionMask = 2147483647;
			files = (
			);
			runOnlyForDeploymentPostprocessing = 0;
		};
/* End PBXFrameworksBuildPhase section */

/* Begin PBXGroup section */
		2BD6B03B2E19E95000220C1B = {
			isa = PBXGroup;
			children = (
				2BD6B0462E19E95000220C1B /* SpotSeeker */,
				2BD6B0452E19E95000220C1B /* Products */,
			);
			sourceTree = "<group>";
		};
		2BD6B0452E19E95000220C1B /* Products */ = {
			isa = PBXGroup;
			children = (
				2BD6B0442E19E95000220C1B /* SpotSeeker.app */,
				2BD6B0542E19E95100220C1B /* SpotSeekerTests.xctest */,
				2BD6B05E2E19E95100220C1B /* SpotSeekerUITests.xctest */,
			);
			name = Products;
			sourceTree = "<group>";
		};
		2BD6B0462E19E95000220C1B /* SpotSeeker */ = {
			isa = PBXGroup;
			children = (
				2BD6B0472E19E95000220C1B /* SpotSeekerApp.swift */,
				2BD6B0712E19EC2C00220C1B /* CameraView.swift */,
				2BD6B0492E19E95000220C1B /* ContentView.swift */,
				2BD6B0732E19EC8000220C1B /* Info.plist */,
				2BD6B04B2E19E95100220C1B /* Assets.xcassets */,
				2BD6B04D2E19E95100220C1B /* Preview Content */,
				2BD6B0752E19ECEE00220C1B /* CameraViewController.swift */,
			);
			path = SpotSeeker;
			sourceTree = "<group>";
		};
		2BD6B04D2E19E95100220C1B /* Preview Content */ = {
			isa = PBXGroup;
			children = (
				2BD6B04E2E19E95100220C1B /* Preview Assets.xcassets */,
			);
			path = "Preview Content";
			sourceTree = "<group>";
		};
/* End PBXGroup section */

/* Begin PBXNativeTarget section */
		2BD6B0432E19E95000220C1B /* SpotSeeker */ = {
			isa = PBXNativeTarget;
			buildConfigurationList = 2BD6B0682E19E95100220C1B /* Build configuration list for PBXNativeTarget "SpotSeeker" */;
			buildPhases = (
				2BD6B0402E19E95000220C1B /* Sources */,
				2BD6B0412E19E95000220C1B /* Frameworks */,
				2BD6B0422E19E95000220C1B /* Resources */,
			);
			buildRules = (
			);
			dependencies = (
			);
			name = SpotSeeker;
			productName = SpotSeeker;
			productReference = 2BD6B0442E19E95000220C1B /* SpotSeeker.app */;
			productType = "com.apple.product-type.application";
		};
		2BD6B0532E19E95100220C1B /* SpotSeekerTests */ = {
			isa = PBXNativeTarget;
			buildConfigurationList = 2BD6B06B2E19E95100220C1B /* Build configuration list for PBXNativeTarget "SpotSeekerTests" */;
			buildPhases = (
				2BD6B0502E19E95100220C1B /* Sources */,
				2BD6B0512E19E95100220C1B /* Frameworks */,
				2BD6B0522E19E95100220C1B /* Resources */,
			);
			buildRules = (
			);
			dependencies = (
				2BD6B0562E19E95100220C1B /* PBXTargetDependency */,
			);
			name = SpotSeekerTests;
			productName = SpotSeekerTests;
			productReference = 2BD6B0542E19E95100220C1B /* SpotSeekerTests.xctest */;
			productType = "com.apple.product-type.bundle.unit-test";
		};
		2BD6B05D2E19E95100220C1B /* SpotSeekerUITests */ = {
			isa = PBXNativeTarget;
			buildConfigurationList = 2BD6B06E2E19E95100220C1B /* Build configuration list for PBXNativeTarget "SpotSeekerUITests" */;
			buildPhases = (
				2BD6B05A2E19E95100220C1B /* Sources */,
				2BD6B05B2E19E95100220C1B /* Frameworks */,
				2BD6B05C2E19E95100220C1B /* Resources */,
			);
			buildRules = (
			);
			dependencies = (
				2BD6B0602E19E95100220C1B /* PBXTargetDependency */,
			);
			name = SpotSeekerUITests;
			productName = SpotSeekerUITests;
			productReference = 2BD6B05E2E19E95100220C1B /* SpotSeekerUITests.xctest */;
			productType = "com.apple.product-type.bundle.ui-testing";
		};
/* End PBXNativeTarget section */

/* Begin PBXProject section */
		2BD6B03C2E19E95000220C1B /* Project object */ = {
			isa = PBXProject;
			attributes = {
				BuildIndependentTargetsInParallel = 1;
				LastSwiftUpdateCheck = 1430;
				LastUpgradeCheck = 1430;
				TargetAttributes = {
					2BD6B0432E19E95000220C1B = {
						CreatedOnToolsVersion = 14.3.1;
					};
					2BD6B0532E19E95100220C1B = {
						CreatedOnToolsVersion = 14.3.1;
						TestTargetID = 2BD6B0432E19E95000220C1B;
					};
					2BD6B05D2E19E95100220C1B = {
						CreatedOnToolsVersion = 14.3.1;
						TestTargetID = 2BD6B0432E19E95000220C1B;
					};
				};
			};
			buildConfigurationList = 2BD6B03F2E19E95000220C1B /* Build configuration list for PBXProject "SpotSeeker" */;
			compatibilityVersion = "Xcode 14.0";
			developmentRegion = en;
			hasScannedForEncodings = 0;
			knownRegions = (
				en,
				Base,
			);
			mainGroup = 2BD6B03B2E19E95000220C1B;
			productRefGroup = 2BD6B0452E19E95000220C1B /* Products */;
			projectDirPath = "";
			projectRoot = "";
			targets = (
				2BD6B0432E19E95000220C1B /* SpotSeeker */,
				2BD6B0532E19E95100220C1B /* SpotSeekerTests */,
				2BD6B05D2E19E95100220C1B /* SpotSeekerUITests */,
			);
		};
/* End PBXProject section */

/* Begin PBXResourcesBuildPhase section */
		2BD6B0422E19E95000220C1B /* Resources */ = {
			isa = PBXResourcesBuildPhase;
			buildActionMask = 2147483647;
			files = (
				2BD6B04F2E19E95100220C1B /* Preview Assets.xcassets in Resources */,
				2BD6B04C2E19E95100220C1B /* Assets.xcassets in Resources */,
			);
			runOnlyForDeploymentPostprocessing = 0;
		};
		2BD6B0522E19E95100220C1B /* Resources */ = {
			isa = PBXResourcesBuildPhase;
			buildActionMask = 2147483647;
			files = (
			);
			runOnlyForDeploymentPostprocessing = 0;
		};
		2BD6B05C2E19E95100220C1B /* Resources */ = {
			isa = PBXResourcesBuildPhase;
			buildActionMask = 2147483647;
			files = (
			);
			runOnlyForDeploymentPostprocessing = 0;
		};
/* End PBXResourcesBuildPhase section */

/* Begin PBXSourcesBuildPhase section */
		2BD6B0402E19E95000220C1B /* Sources */ = {
			isa = PBXSourcesBuildPhase;
			buildActionMask = 2147483647;
			files = (
				2BD6B0722E19EC2C00220C1B /* CameraView.swift in Sources */,
				2BD6B0762E19ECEE00220C1B /* CameraViewController.swift in Sources */,
				2BD6B04A2E19E95000220C1B /* ContentView.swift in Sources */,
				2BD6B0482E19E95000220C1B /* SpotSeekerApp.swift in Sources */,
			);
			runOnlyForDeploymentPostprocessing = 0;
		};
		2BD6B0502E19E95100220C1B /* Sources */ = {
			isa = PBXSourcesBuildPhase;
			buildActionMask = 2147483647;
			files = (
			);
			runOnlyForDeploymentPostprocessing = 0;
		};
		2BD6B05A2E19E95100220C1B /* Sources */ = {
			isa = PBXSourcesBuildPhase;
			buildActionMask = 2147483647;
			files = (
			);
			runOnlyForDeploymentPostprocessing = 0;
		};
/* End PBXSourcesBuildPhase section */

/* Begin PBXTargetDependency section */
		2BD6B0562E19E95100220C1B /* PBXTargetDependency */ = {
			isa = PBXTargetDependency;
			target = 2BD6B0432E19E95000220C1B /* SpotSeeker */;
			targetProxy = 2BD6B0552E19E95100220C1B /* PBXContainerItemProxy */;
		};
		2BD6B0602E19E95100220C1B /* PBXTargetDependency */ = {
			isa = PBXTargetDependency;
			target = 2BD6B0432E19E95000220C1B /* SpotSeeker */;
			targetProxy = 2BD6B05F2E19E95100220C1B /* PBXContainerItemProxy */;
		};
/* End PBXTargetDependency section */

/* Begin XCBuildConfiguration section */
		2BD6B0662E19E95100220C1B /* Debug */ = {
			isa = XCBuildConfiguration;
			buildSettings = {
				ALWAYS_SEARCH_USER_PATHS = NO;
				CLANG_ANALYZER_NONNULL = YES;
				CLANG_ANALYZER_NUMBER_OBJECT_CONVERSION = YES_AGGRESSIVE;
				CLANG_CXX_LANGUAGE_STANDARD = "gnu++20";
				CLANG_ENABLE_MODULES = YES;
				CLANG_ENABLE_OBJC_ARC = YES;
				CLANG_ENABLE_OBJC_WEAK = YES;
				CLANG_WARN_BLOCK_CAPTURE_AUTORELEASING = YES;
				CLANG_WARN_BOOL_CONVERSION = YES;
				CLANG_WARN_COMMA = YES;
				CLANG_WARN_CONSTANT_CONVERSION = YES;
				CLANG_WARN_DEPRECATED_OBJC_IMPLEMENTATIONS = YES;
				CLANG_WARN_DIRECT_OBJC_ISA_USAGE = YES_ERROR;
				CLANG_WARN_DOCUMENTATION_COMMENTS = YES;
				CLANG_WARN_EMPTY_BODY = YES;
				CLANG_WARN_ENUM_CONVERSION = YES;
				CLANG_WARN_INFINITE_RECURSION = YES;
				CLANG_WARN_INT_CONVERSION = YES;
				CLANG_WARN_NON_LITERAL_NULL_CONVERSION = YES;
				CLANG_WARN_OBJC_IMPLICIT_RETAIN_SELF = YES;
				CLANG_WARN_OBJC_LITERAL_CONVERSION = YES;
				CLANG_WARN_OBJC_ROOT_CLASS = YES_ERROR;
				CLANG_WARN_QUOTED_INCLUDE_IN_FRAMEWORK_HEADER = YES;
				CLANG_WARN_RANGE_LOOP_ANALYSIS = YES;
				CLANG_WARN_STRICT_PROTOTYPES = YES;
				CLANG_WARN_SUSPICIOUS_MOVE = YES;
				CLANG_WARN_UNGUARDED_AVAILABILITY = YES_AGGRESSIVE;
				CLANG_WARN_UNREACHABLE_CODE = YES;
				CLANG_WARN__DUPLICATE_METHOD_MATCH = YES;
				COPY_PHASE_STRIP = NO;
				DEBUG_INFORMATION_FORMAT = dwarf;
				ENABLE_STRICT_OBJC_MSGSEND = YES;
				ENABLE_TESTABILITY = YES;
				GCC_C_LANGUAGE_STANDARD = gnu11;
				GCC_DYNAMIC_NO_PIC = NO;
				GCC_NO_COMMON_BLOCKS = YES;
				GCC_OPTIMIZATION_LEVEL = 0;
				GCC_PREPROCESSOR_DEFINITIONS = (
					"DEBUG=1",
					"$(inherited)",
				);
				GCC_WARN_64_TO_32_BIT_CONVERSION = YES;
				GCC_WARN_ABOUT_RETURN_TYPE = YES_ERROR;
				GCC_WARN_UNDECLARED_SELECTOR = YES;
				GCC_WARN_UNINITIALIZED_AUTOS = YES_AGGRESSIVE;
				GCC_WARN_UNUSED_FUNCTION = YES;
				GCC_WARN_UNUSED_VARIABLE = YES;
				IPHONEOS_DEPLOYMENT_TARGET = 15.6;
				MTL_ENABLE_DEBUG_INFO = INCLUDE_SOURCE;
				MTL_FAST_MATH = YES;
				ONLY_ACTIVE_ARCH = YES;
				SDKROOT = iphoneos;
				SWIFT_ACTIVE_COMPILATION_CONDITIONS = DEBUG;
				SWIFT_OPTIMIZATION_LEVEL = "-Onone";
			};
			name = Debug;
		};
		2BD6B0672E19E95100220C1B /* Release */ = {
			isa = XCBuildConfiguration;
			buildSettings = {
				ALWAYS_SEARCH_USER_PATHS = NO;
				CLANG_ANALYZER_NONNULL = YES;
				CLANG_ANALYZER_NUMBER_OBJECT_CONVERSION = YES_AGGRESSIVE;
				CLANG_CXX_LANGUAGE_STANDARD = "gnu++20";
				CLANG_ENABLE_MODULES = YES;
				CLANG_ENABLE_OBJC_ARC = YES;
				CLANG_ENABLE_OBJC_WEAK = YES;
				CLANG_WARN_BLOCK_CAPTURE_AUTORELEASING = YES;
				CLANG_WARN_BOOL_CONVERSION = YES;
				CLANG_WARN_COMMA = YES;
				CLANG_WARN_CONSTANT_CONVERSION = YES;
				CLANG_WARN_DEPRECATED_OBJC_IMPLEMENTATIONS = YES;
				CLANG_WARN_DIRECT_OBJC_ISA_USAGE = YES_ERROR;
				CLANG_WARN_DOCUMENTATION_COMMENTS = YES;
				CLANG_WARN_EMPTY_BODY = YES;
				CLANG_WARN_ENUM_CONVERSION = YES;
				CLANG_WARN_INFINITE_RECURSION = YES;
				CLANG_WARN_INT_CONVERSION = YES;
				CLANG_WARN_NON_LITERAL_NULL_CONVERSION = YES;
				CLANG_WARN_OBJC_IMPLICIT_RETAIN_SELF = YES;
				CLANG_WARN_OBJC_LITERAL_CONVERSION = YES;
				CLANG_WARN_OBJC_ROOT_CLASS = YES_ERROR;
				CLANG_WARN_QUOTED_INCLUDE_IN_FRAMEWORK_HEADER = YES;
				CLANG_WARN_RANGE_LOOP_ANALYSIS = YES;
				CLANG_WARN_STRICT_PROTOTYPES = YES;
				CLANG_WARN_SUSPICIOUS_MOVE = YES;
				CLANG_WARN_UNGUARDED_AVAILABILITY = YES_AGGRESSIVE;
				CLANG_WARN_UNREACHABLE_CODE = YES;
				CLANG_WARN__DUPLICATE_METHOD_MATCH = YES;
				COPY_PHASE_STRIP = NO;
				DEBUG_INFORMATION_FORMAT = "dwarf-with-dsym";
				ENABLE_NS_ASSERTIONS = NO;
				ENABLE_STRICT_OBJC_MSGSEND = YES;
				GCC_C_LANGUAGE_STANDARD = gnu11;
				GCC_NO_COMMON_BLOCKS = YES;
				GCC_WARN_64_TO_32_BIT_CONVERSION = YES;
				GCC_WARN_ABOUT_RETURN_TYPE = YES_ERROR;
				GCC_WARN_UNDECLARED_SELECTOR = YES;
				GCC_WARN_UNINITIALIZED_AUTOS = YES_AGGRESSIVE;
				GCC_WARN_UNUSED_FUNCTION = YES;
				GCC_WARN_UNUSED_VARIABLE = YES;
				IPHONEOS_DEPLOYMENT_TARGET = 15.6;
				MTL_ENABLE_DEBUG_INFO = NO;
				MTL_FAST_MATH = YES;
				SDKROOT = iphoneos;
				SWIFT_COMPILATION_MODE = wholemodule;
				SWIFT_OPTIMIZATION_LEVEL = "-O";
				VALIDATE_PRODUCT = YES;
			};
			name = Release;
		};
		2BD6B0692E19E95100220C1B /* Debug */ = {
			isa = XCBuildConfiguration;
			buildSettings = {
				ASSETCATALOG_COMPILER_APPICON_NAME = AppIcon;
				ASSETCATALOG_COMPILER_GLOBAL_ACCENT_COLOR_NAME = AccentColor;
				CODE_SIGN_STYLE = Automatic;
				CURRENT_PROJECT_VERSION = 1;
				DEVELOPMENT_ASSET_PATHS = "\"SpotSeeker/Preview Content\"";
				DEVELOPMENT_TEAM = CVUAZCKP7T;
				ENABLE_PREVIEWS = YES;
				GENERATE_INFOPLIST_FILE = YES;
				INFOPLIST_KEY_CFBundleDisplayName = SpotSeekerBundle;
				INFOPLIST_KEY_NSCameraUsageDescription = "This app needs access to your camera to take photos.";
				INFOPLIST_KEY_NSPhotoLibraryUsageDescription = "This app needs access to your photo library to select overlay images.";
				INFOPLIST_KEY_UIApplicationSceneManifest_Generation = YES;
				INFOPLIST_KEY_UIApplicationSupportsIndirectInputEvents = YES;
				INFOPLIST_KEY_UILaunchScreen_Generation = YES;
				INFOPLIST_KEY_UISupportedInterfaceOrientations_iPad = "UIInterfaceOrientationPortrait UIInterfaceOrientationPortraitUpsideDown UIInterfaceOrientationLandscapeLeft UIInterfaceOrientationLandscapeRight";
				INFOPLIST_KEY_UISupportedInterfaceOrientations_iPhone = "UIInterfaceOrientationPortrait UIInterfaceOrientationLandscapeLeft UIInterfaceOrientationLandscapeRight";
				LD_RUNPATH_SEARCH_PATHS = (
					"$(inherited)",
					"@executable_path/Frameworks",
				);
				MARKETING_VERSION = 1.0;
				PRODUCT_BUNDLE_IDENTIFIER = com.ideabase.SpotSeeker;
				PRODUCT_NAME = "$(TARGET_NAME)";
				SWIFT_EMIT_LOC_STRINGS = YES;
				SWIFT_VERSION = 5.0;
				TARGETED_DEVICE_FAMILY = "1,2";
			};
			name = Debug;
		};
		2BD6B06A2E19E95100220C1B /* Release */ = {
			isa = XCBuildConfiguration;
			buildSettings = {
				ASSETCATALOG_COMPILER_APPICON_NAME = AppIcon;
				ASSETCATALOG_COMPILER_GLOBAL_ACCENT_COLOR_NAME = AccentColor;
				CODE_SIGN_STYLE = Automatic;
				CURRENT_PROJECT_VERSION = 1;
				DEVELOPMENT_ASSET_PATHS = "\"SpotSeeker/Preview Content\"";
				DEVELOPMENT_TEAM = CVUAZCKP7T;
				ENABLE_PREVIEWS = YES;
				GENERATE_INFOPLIST_FILE = YES;
				INFOPLIST_KEY_CFBundleDisplayName = SpotSeekerBundle;
				INFOPLIST_KEY_NSCameraUsageDescription = "This app needs access to your camera to take photos.";
				INFOPLIST_KEY_NSPhotoLibraryUsageDescription = "This app needs access to your photo library to select overlay images.";
				INFOPLIST_KEY_UIApplicationSceneManifest_Generation = YES;
				INFOPLIST_KEY_UIApplicationSupportsIndirectInputEvents = YES;
				INFOPLIST_KEY_UILaunchScreen_Generation = YES;
				INFOPLIST_KEY_UISupportedInterfaceOrientations_iPad = "UIInterfaceOrientationPortrait UIInterfaceOrientationPortraitUpsideDown UIInterfaceOrientationLandscapeLeft UIInterfaceOrientationLandscapeRight";
				INFOPLIST_KEY_UISupportedInterfaceOrientations_iPhone = "UIInterfaceOrientationPortrait UIInterfaceOrientationLandscapeLeft UIInterfaceOrientationLandscapeRight";
				LD_RUNPATH_SEARCH_PATHS = (
					"$(inherited)",
					"@executable_path/Frameworks",
				);
				MARKETING_VERSION = 1.0;
				PRODUCT_BUNDLE_IDENTIFIER = com.ideabase.SpotSeeker;
				PRODUCT_NAME = "$(TARGET_NAME)";
				SWIFT_EMIT_LOC_STRINGS = YES;
				SWIFT_VERSION = 5.0;
				TARGETED_DEVICE_FAMILY = "1,2";
			};
			name = Release;
		};
		2BD6B06C2E19E95100220C1B /* Debug */ = {
			isa = XCBuildConfiguration;
			buildSettings = {
				ALWAYS_EMBED_SWIFT_STANDARD_LIBRARIES = YES;
				BUNDLE_LOADER = "$(TEST_HOST)";
				CODE_SIGN_STYLE = Automatic;
				CURRENT_PROJECT_VERSION = 1;
				GENERATE_INFOPLIST_FILE = YES;
				IPHONEOS_DEPLOYMENT_TARGET = 16.4;
				MARKETING_VERSION = 1.0;
				PRODUCT_BUNDLE_IDENTIFIER = com.ideabase.SpotSeekerTests;
				PRODUCT_NAME = "$(TARGET_NAME)";
				SWIFT_EMIT_LOC_STRINGS = NO;
				SWIFT_VERSION = 5.0;
				TARGETED_DEVICE_FAMILY = "1,2";
				TEST_HOST = "$(BUILT_PRODUCTS_DIR)/SpotSeeker.app/$(BUNDLE_EXECUTABLE_FOLDER_PATH)/SpotSeeker";
			};
			name = Debug;
		};
		2BD6B06D2E19E95100220C1B /* Release */ = {
			isa = XCBuildConfiguration;
			buildSettings = {
				ALWAYS_EMBED_SWIFT_STANDARD_LIBRARIES = YES;
				BUNDLE_LOADER = "$(TEST_HOST)";
				CODE_SIGN_STYLE = Automatic;
				CURRENT_PROJECT_VERSION = 1;
				GENERATE_INFOPLIST_FILE = YES;
				IPHONEOS_DEPLOYMENT_TARGET = 16.4;
				MARKETING_VERSION = 1.0;
				PRODUCT_BUNDLE_IDENTIFIER = com.ideabase.SpotSeekerTests;
				PRODUCT_NAME = "$(TARGET_NAME)";
				SWIFT_EMIT_LOC_STRINGS = NO;
				SWIFT_VERSION = 5.0;
				TARGETED_DEVICE_FAMILY = "1,2";
				TEST_HOST = "$(BUILT_PRODUCTS_DIR)/SpotSeeker.app/$(BUNDLE_EXECUTABLE_FOLDER_PATH)/SpotSeeker";
			};
			name = Release;
		};
		2BD6B06F2E19E95100220C1B /* Debug */ = {
			isa = XCBuildConfiguration;
			buildSettings = {
				ALWAYS_EMBED_SWIFT_STANDARD_LIBRARIES = YES;
				CODE_SIGN_STYLE = Automatic;
				CURRENT_PROJECT_VERSION = 1;
				GENERATE_INFOPLIST_FILE = YES;
				MARKETING_VERSION = 1.0;
				PRODUCT_BUNDLE_IDENTIFIER = com.ideabase.SpotSeekerUITests;
				PRODUCT_NAME = "$(TARGET_NAME)";
				SWIFT_EMIT_LOC_STRINGS = NO;
				SWIFT_VERSION = 5.0;
				TARGETED_DEVICE_FAMILY = "1,2";
				TEST_TARGET_NAME = SpotSeeker;
			};
			name = Debug;
		};
		2BD6B0702E19E95100220C1B /* Release */ = {
			isa = XCBuildConfiguration;
			buildSettings = {
				ALWAYS_EMBED_SWIFT_STANDARD_LIBRARIES = YES;
				CODE_SIGN_STYLE = Automatic;
				CURRENT_PROJECT_VERSION = 1;
				GENERATE_INFOPLIST_FILE = YES;
				MARKETING_VERSION = 1.0;
				PRODUCT_BUNDLE_IDENTIFIER = com.ideabase.SpotSeekerUITests;
				PRODUCT_NAME = "$(TARGET_NAME)";
				SWIFT_EMIT_LOC_STRINGS = NO;
				SWIFT_VERSION = 5.0;
				TARGETED_DEVICE_FAMILY = "1,2";
				TEST_TARGET_NAME = SpotSeeker;
			};
			name = Release;
		};
/* End XCBuildConfiguration section */

/* Begin XCConfigurationList section */
		2BD6B03F2E19E95000220C1B /* Build configuration list for PBXProject "SpotSeeker" */ = {
			isa = XCConfigurationList;
			buildConfigurations = (
				2BD6B0662E19E95100220C1B /* Debug */,
				2BD6B0672E19E95100220C1B /* Release */,
			);
			defaultConfigurationIsVisible = 0;
			defaultConfigurationName = Release;
		};
		2BD6B0682E19E95100220C1B /* Build configuration list for PBXNativeTarget "SpotSeeker" */ = {
			isa = XCConfigurationList;
			buildConfigurations = (
				2BD6B0692E19E95100220C1B /* Debug */,
				2BD6B06A2E19E95100220C1B /* Release */,
			);
			defaultConfigurationIsVisible = 0;
			defaultConfigurationName = Release;
		};
		2BD6B06B2E19E95100220C1B /* Build configuration list for PBXNativeTarget "SpotSeekerTests" */ = {
			isa = XCConfigurationList;
			buildConfigurations = (
				2BD6B06C2E19E95100220C1B /* Debug */,
				2BD6B06D2E19E95100220C1B /* Release */,
			);
			defaultConfigurationIsVisible = 0;
			defaultConfigurationName = Release;
		};
		2BD6B06E2E19E95100220C1B /* Build configuration list for PBXNativeTarget "SpotSeekerUITests" */ = {
			isa = XCConfigurationList;
			buildConfigurations = (
				2BD6B06F2E19E95100220C1B /* Debug */,
				2BD6B0702E19E95100220C1B /* Release */,
			);
			defaultConfigurationIsVisible = 0;
			defaultConfigurationName = Release;
		};
/* End XCConfigurationList section */
	};
	rootObject = 2BD6B03C2E19E95000220C1B /* Project object */;
}
